9fans.net/go v0.0.2 h1:RYM6lWITV8oADrwLfdzxmt8ucfW6UtP9v1jg4qAbqts=
9fans.net/go v0.0.2/go.mod h1:lfPdxjq9v8pVQXUMBCx5EO5oLXWQFlKRQgs1kEkjoIM=
github.com/fhs/9fans-go v0.0.3-0.20190919200528-d38963b83794 h1:oZHdNMLBBT/HJfU8d7dT1mN4GoU6rdBLkMi0lpPR4dk=
github.com/fhs/9fans-go v0.0.3-0.20190919200528-d38963b83794/go.mod h1:lfPdxjq9v8pVQXUMBCx5EO5oLXWQFlKRQgs1kEkjoIM=
